
Microsoft Visual Studio Solution File, Format Version 11.00
# Visual Studio 2010
Project("{F184B08F-C81C-45F6-A57F-5ABD9991F28F}") = "BLL", "BLL\BLL.vbproj", "{7A5567E4-D7F1-46E3-B553-FAF8BB280FC5}"
EndProject
Project("{F184B08F-C81C-45F6-A57F-5ABD9991F28F}") = "Controller", "Controller\Controller.vbproj", "{DE6C1B32-ED72-482E-971A-CDEDDC5F3C09}"
EndProject
Project("{F184B08F-C81C-45F6-A57F-5ABD9991F28F}") = "DAL", "DAL\DAL.vbproj", "{180A9ED4-9070-4E4F-9F58-58FC7BACE24A}"
EndProject
Project("{F184B08F-C81C-45F6-A57F-5ABD9991F28F}") = "Model", "Model\Model.vbproj", "{868C57F5-EC98-4F25-B3ED-B5ABF1DC2E21}"
EndProject
Project("{F184B08F-C81C-45F6-A57F-5ABD9991F28F}") = "www", "www\www.vbproj", "{02980537-864A-4BC2-952B-7F206ADF452D}"
EndProject
Project("{F184B08F-C81C-45F6-A57F-5ABD9991F28F}") = "MerchantIntegration", "MerchantIntegration\MerchantIntegration.vbproj", "{C1ED48C9-09CB-41D5-9317-83A6A07A7721}"
EndProject
Project("{F184B08F-C81C-45F6-A57F-5ABD9991F28F}") = "Payment", "Payment\Payment.vbproj", "{09797ABF-1312-4E2B-B82C-5556B00760AB}"
EndProject
Project("{F184B08F-C81C-45F6-A57F-5ABD9991F28F}") = "PISAdmin", "PISAdmin\PISAdmin.vbproj", "{A49F43FB-B46C-447D-91E7-3CE2E6CA5BF3}"
EndProject
Global
	GlobalSection(TeamFoundationVersionControl) = preSolution
		SccNumberOfProjects = 9
		SccEnterpriseProvider = {4CA58AB2-18FA-4F8D-95D4-32DDF27D184C}
		SccTeamFoundationServer = https://paynshare.visualstudio.com/defaultcollection
		SccLocalPath0 = .
		SccProjectUniqueName1 = BLL\\BLL.vbproj
		SccProjectName1 = BLL
		SccLocalPath1 = BLL
		SccProjectUniqueName2 = Controller\\Controller.vbproj
		SccProjectName2 = Controller
		SccLocalPath2 = Controller
		SccProjectUniqueName3 = DAL\\DAL.vbproj
		SccProjectName3 = DAL
		SccLocalPath3 = DAL
		SccProjectUniqueName4 = MerchantIntegration\\MerchantIntegration.vbproj
		SccProjectName4 = MerchantIntegration
		SccLocalPath4 = MerchantIntegration
		SccProjectUniqueName5 = Model\\Model.vbproj
		SccProjectName5 = Model
		SccLocalPath5 = Model
		SccProjectUniqueName6 = Payment\\Payment.vbproj
		SccProjectName6 = Payment
		SccLocalPath6 = Payment
		SccProjectUniqueName7 = www\\www.vbproj
		SccProjectName7 = www
		SccLocalPath7 = www
		SccProjectUniqueName8 = PISAdmin\\PISAdmin.vbproj
		SccProjectName8 = PISAdmin
		SccLocalPath8 = PISAdmin
	EndGlobalSection
	GlobalSection(SolutionConfigurationPlatforms) = preSolution
		Debug|Any CPU = Debug|Any CPU
		Release|Any CPU = Release|Any CPU
	EndGlobalSection
	GlobalSection(ProjectConfigurationPlatforms) = postSolution
		{7A5567E4-D7F1-46E3-B553-FAF8BB280FC5}.Debug|Any CPU.ActiveCfg = Debug|Any CPU
		{7A5567E4-D7F1-46E3-B553-FAF8BB280FC5}.Debug|Any CPU.Build.0 = Debug|Any CPU
		{7A5567E4-D7F1-46E3-B553-FAF8BB280FC5}.Release|Any CPU.ActiveCfg = Release|Any CPU
		{7A5567E4-D7F1-46E3-B553-FAF8BB280FC5}.Release|Any CPU.Build.0 = Release|Any CPU
		{DE6C1B32-ED72-482E-971A-CDEDDC5F3C09}.Debug|Any CPU.ActiveCfg = Debug|Any CPU
		{DE6C1B32-ED72-482E-971A-CDEDDC5F3C09}.Debug|Any CPU.Build.0 = Debug|Any CPU
		{DE6C1B32-ED72-482E-971A-CDEDDC5F3C09}.Release|Any CPU.ActiveCfg = Release|Any CPU
		{DE6C1B32-ED72-482E-971A-CDEDDC5F3C09}.Release|Any CPU.Build.0 = Release|Any CPU
		{180A9ED4-9070-4E4F-9F58-58FC7BACE24A}.Debug|Any CPU.ActiveCfg = Debug|Any CPU
		{180A9ED4-9070-4E4F-9F58-58FC7BACE24A}.Debug|Any CPU.Build.0 = Debug|Any CPU
		{180A9ED4-9070-4E4F-9F58-58FC7BACE24A}.Release|Any CPU.ActiveCfg = Release|Any CPU
		{180A9ED4-9070-4E4F-9F58-58FC7BACE24A}.Release|Any CPU.Build.0 = Release|Any CPU
		{868C57F5-EC98-4F25-B3ED-B5ABF1DC2E21}.Debug|Any CPU.ActiveCfg = Debug|Any CPU
		{868C57F5-EC98-4F25-B3ED-B5ABF1DC2E21}.Debug|Any CPU.Build.0 = Debug|Any CPU
		{868C57F5-EC98-4F25-B3ED-B5ABF1DC2E21}.Release|Any CPU.ActiveCfg = Release|Any CPU
		{868C57F5-EC98-4F25-B3ED-B5ABF1DC2E21}.Release|Any CPU.Build.0 = Release|Any CPU
		{02980537-864A-4BC2-952B-7F206ADF452D}.Debug|Any CPU.ActiveCfg = Debug|Any CPU
		{02980537-864A-4BC2-952B-7F206ADF452D}.Debug|Any CPU.Build.0 = Debug|Any CPU
		{02980537-864A-4BC2-952B-7F206ADF452D}.Release|Any CPU.ActiveCfg = Release|Any CPU
		{02980537-864A-4BC2-952B-7F206ADF452D}.Release|Any CPU.Build.0 = Release|Any CPU
		{C1ED48C9-09CB-41D5-9317-83A6A07A7721}.Debug|Any CPU.ActiveCfg = Debug|Any CPU
		{C1ED48C9-09CB-41D5-9317-83A6A07A7721}.Debug|Any CPU.Build.0 = Debug|Any CPU
		{C1ED48C9-09CB-41D5-9317-83A6A07A7721}.Release|Any CPU.ActiveCfg = Release|Any CPU
		{C1ED48C9-09CB-41D5-9317-83A6A07A7721}.Release|Any CPU.Build.0 = Release|Any CPU
		{09797ABF-1312-4E2B-B82C-5556B00760AB}.Debug|Any CPU.ActiveCfg = Debug|Any CPU
		{09797ABF-1312-4E2B-B82C-5556B00760AB}.Debug|Any CPU.Build.0 = Debug|Any CPU
		{09797ABF-1312-4E2B-B82C-5556B00760AB}.Release|Any CPU.ActiveCfg = Release|Any CPU
		{09797ABF-1312-4E2B-B82C-5556B00760AB}.Release|Any CPU.Build.0 = Release|Any CPU
		{A49F43FB-B46C-447D-91E7-3CE2E6CA5BF3}.Debug|Any CPU.ActiveCfg = Debug|Any CPU
		{A49F43FB-B46C-447D-91E7-3CE2E6CA5BF3}.Debug|Any CPU.Build.0 = Debug|Any CPU
		{A49F43FB-B46C-447D-91E7-3CE2E6CA5BF3}.Release|Any CPU.ActiveCfg = Release|Any CPU
		{A49F43FB-B46C-447D-91E7-3CE2E6CA5BF3}.Release|Any CPU.Build.0 = Release|Any CPU
	EndGlobalSection
	GlobalSection(SolutionProperties) = preSolution
		HideSolutionNode = FALSE
	EndGlobalSection
EndGlobal
